// !$*UTF8*$!
{
	archiveVersion = 1;
	classes = {
	};
	objectVersion = 77;
	objects = {

/* Begin PBXBuildFile section */
		010597BAF1BBCA1D6FA93EE0 /* ExportPanelView.swift in Sources */ = {isa = PBXBuildFile; fileRef = CE2BFAC2E8CF7A96375A7D5E /* ExportPanelView.swift */; };
		093AFB67C46473E229376D21 /* SilenceCutTests.swift in Sources */ = {isa = PBXBuildFile; fileRef = FE385BD00AF614909F2B0355 /* SilenceCutTests.swift */; };
		0F1756F4D332D26762301F1A /* VideoPreviewView.swift in Sources */ = {isa = PBXBuildFile; fileRef = 6010D924F9A153FD771245EC /* VideoPreviewView.swift */; };
		174B8A0C6C29CD5E3B1CD5B8 /* FragmentListView.swift in Sources */ = {isa = PBXBuildFile; fileRef = 37BF8456FF33FE4A81F0B87E /* FragmentListView.swift */; };
		330FB34845429463F0311F48 /* SilenceCutApp.swift in Sources */ = {isa = PBXBuildFile; fileRef = 1BA8DCB5B38828EC6A406B9D /* SilenceCutApp.swift */; };
		5558AE5ADDAF2AFFA022EE44 /* TimelineEngine.swift in Sources */ = {isa = PBXBuildFile; fileRef = FFBBDE365AF4CAB490AF47AD /* TimelineEngine.swift */; };
		55D839D1FA6CDD5E32F0D6C8 /* TimelineFragment.swift in Sources */ = {isa = PBXBuildFile; fileRef = B242A97E16D03E5F21BF7DC8 /* TimelineFragment.swift */; };
		723616F9E15C2DFFBD29BA1E /* EditProject.swift in Sources */ = {isa = PBXBuildFile; fileRef = 8DCAD8E95BF927B6379B8673 /* EditProject.swift */; };
		74FC8DBD44B70F5EE29A95D0 /* MainEditorView.swift in Sources */ = {isa = PBXBuildFile; fileRef = 72C13515EC40C0F26DBED820 /* MainEditorView.swift */; };
		7D6CE60FAA13901D56B601C4 /* TimelineContainerView.swift in Sources */ = {isa = PBXBuildFile; fileRef = C4EEF111F31592B2DFEC4114 /* TimelineContainerView.swift */; };
		7D7E4FD5398342DB4F790F2E /* SilenceDetectionPanelView.swift in Sources */ = {isa = PBXBuildFile; fileRef = 6D489E5B2200C302F988CBB7 /* SilenceDetectionPanelView.swift */; };
		8F01756F825915C4E2323205 /* VideoExporter.swift in Sources */ = {isa = PBXBuildFile; fileRef = 92E1EB5ACC357A5A24E5DAA7 /* VideoExporter.swift */; };
		BEAB1D5A14B16FDA2F65A2AC /* SilenceDetector.swift in Sources */ = {isa = PBXBuildFile; fileRef = F2FF17382741AC4D0E64B0A2 /* SilenceDetector.swift */; };
		C7EC27F8F1A92F51DD210C88 /* UndoManager+Extensions.swift in Sources */ = {isa = PBXBuildFile; fileRef = A25E027F870DA8BA229ECFA3 /* UndoManager+Extensions.swift */; };
		EB833E1F92B1FEB092C32551 /* WaveformGenerator.swift in Sources */ = {isa = PBXBuildFile; fileRef = 02A305240B07EFB2833A9313 /* WaveformGenerator.swift */; };
		FE483032536C72766CE6C301 /* SilenceDetectionSettings.swift in Sources */ = {isa = PBXBuildFile; fileRef = A0F4A8C2A843FFC9A93C98E6 /* SilenceDetectionSettings.swift */; };
/* End PBXBuildFile section */

/* Begin PBXContainerItemProxy section */
		33FEE72736A0747AF35C4C18 /* PBXContainerItemProxy */ = {
			isa = PBXContainerItemProxy;
			containerPortal = F54EBB103CBDAE8984DB4051 /* Project object */;
			proxyType = 1;
			remoteGlobalIDString = DAD8BBD38BC9E2F2A5CC04DC;
			remoteInfo = SilenceCut;
		};
/* End PBXContainerItemProxy section */

/* Begin PBXFileReference section */
		02A305240B07EFB2833A9313 /* WaveformGenerator.swift */ = {isa = PBXFileReference; lastKnownFileType = sourcecode.swift; path = WaveformGenerator.swift; sourceTree = "<group>"; };
		134FE371429BBCD27437CB9A /* SilenceCut.app */ = {isa = PBXFileReference; explicitFileType = wrapper.application; includeInIndex = 0; path = SilenceCut.app; sourceTree = BUILT_PRODUCTS_DIR; };
		1BA8DCB5B38828EC6A406B9D /* SilenceCutApp.swift */ = {isa = PBXFileReference; lastKnownFileType = sourcecode.swift; path = SilenceCutApp.swift; sourceTree = "<group>"; };
		37BF8456FF33FE4A81F0B87E /* FragmentListView.swift */ = {isa = PBXFileReference; lastKnownFileType = sourcecode.swift; path = FragmentListView.swift; sourceTree = "<group>"; };
		38CA7B494AAEC4EDEAF341A7 /* SilenceCutTests.xctest */ = {isa = PBXFileReference; explicitFileType = wrapper.cfbundle; includeInIndex = 0; path = SilenceCutTests.xctest; sourceTree = BUILT_PRODUCTS_DIR; };
		6010D924F9A153FD771245EC /* VideoPreviewView.swift */ = {isa = PBXFileReference; lastKnownFileType = sourcecode.swift; path = VideoPreviewView.swift; sourceTree = "<group>"; };
		663E65312D0C5B707E372079 /* SilenceCut.entitlements */ = {isa = PBXFileReference; lastKnownFileType = text.plist.entitlements; path = SilenceCut.entitlements; sourceTree = "<group>"; };
		6D489E5B2200C302F988CBB7 /* SilenceDetectionPanelView.swift */ = {isa = PBXFileReference; lastKnownFileType = sourcecode.swift; path = SilenceDetectionPanelView.swift; sourceTree = "<group>"; };
		72C13515EC40C0F26DBED820 /* MainEditorView.swift */ = {isa = PBXFileReference; lastKnownFileType = sourcecode.swift; path = MainEditorView.swift; sourceTree = "<group>"; };
		7652C2506956B3D470DC9956 /* Info.plist */ = {isa = PBXFileReference; lastKnownFileType = text.plist; path = Info.plist; sourceTree = "<group>"; };
		8DCAD8E95BF927B6379B8673 /* EditProject.swift */ = {isa = PBXFileReference; lastKnownFileType = sourcecode.swift; path = EditProject.swift; sourceTree = "<group>"; };
		92E1EB5ACC357A5A24E5DAA7 /* VideoExporter.swift */ = {isa = PBXFileReference; lastKnownFileType = sourcecode.swift; path = VideoExporter.swift; sourceTree = "<group>"; };
		A0F4A8C2A843FFC9A93C98E6 /* SilenceDetectionSettings.swift */ = {isa = PBXFileReference; lastKnownFileType = sourcecode.swift; path = SilenceDetectionSettings.swift; sourceTree = "<group>"; };
		A25E027F870DA8BA229ECFA3 /* UndoManager+Extensions.swift */ = {isa = PBXFileReference; lastKnownFileType = sourcecode.swift; path = "UndoManager+Extensions.swift"; sourceTree = "<group>"; };
		B242A97E16D03E5F21BF7DC8 /* TimelineFragment.swift */ = {isa = PBXFileReference; lastKnownFileType = sourcecode.swift; path = TimelineFragment.swift; sourceTree = "<group>"; };
		C4EEF111F31592B2DFEC4114 /* TimelineContainerView.swift */ = {isa = PBXFileReference; lastKnownFileType = sourcecode.swift; path = TimelineContainerView.swift; sourceTree = "<group>"; };
		CE2BFAC2E8CF7A96375A7D5E /* ExportPanelView.swift */ = {isa = PBXFileReference; lastKnownFileType = sourcecode.swift; path = ExportPanelView.swift; sourceTree = "<group>"; };
		F2FF17382741AC4D0E64B0A2 /* SilenceDetector.swift */ = {isa = PBXFileReference; lastKnownFileType = sourcecode.swift; path = SilenceDetector.swift; sourceTree = "<group>"; };
		FE385BD00AF614909F2B0355 /* SilenceCutTests.swift */ = {isa = PBXFileReference; lastKnownFileType = sourcecode.swift; path = SilenceCutTests.swift; sourceTree = "<group>"; };
		FFBBDE365AF4CAB490AF47AD /* TimelineEngine.swift */ = {isa = PBXFileReference; lastKnownFileType = sourcecode.swift; path = TimelineEngine.swift; sourceTree = "<group>"; };
/* End PBXFileReference section */

/* Begin PBXGroup section */
		12C4C2088143F0B14CAF9140 = {
			isa = PBXGroup;
			children = (
				1700488737E9BCD64BAF464E /* SilenceCut */,
				2973CCC6A182F6C738899E66 /* SilenceCutTests */,
				4E2BF2D5086838381E9DC5BB /* Products */,
			);
			sourceTree = "<group>";
		};
		1700488737E9BCD64BAF464E /* SilenceCut */ = {
			isa = PBXGroup;
			children = (
				663E65312D0C5B707E372079 /* SilenceCut.entitlements */,
				F7EC063A06E00DD5BC57B802 /* App */,
				7E541BD093D8301830628781 /* Engine */,
				829CBE6D4D9C17B0ED2714BA /* Models */,
				AF9FF8737A994F9F43DD2562 /* Resources */,
				1FF3D09471185253C5C33083 /* Views */,
			);
			path = SilenceCut;
			sourceTree = "<group>";
		};
		1FF3D09471185253C5C33083 /* Views */ = {
			isa = PBXGroup;
			children = (
				72C13515EC40C0F26DBED820 /* MainEditorView.swift */,
				DDDB8C73FA1DED19B2320A3E /* Panels */,
				E2FF24942ABC6E02FC406A6C /* Preview */,
				B2828B18D493B67C9545E984 /* Timeline */,
			);
			path = Views;
			sourceTree = "<group>";
		};
		2973CCC6A182F6C738899E66 /* SilenceCutTests */ = {
			isa = PBXGroup;
			children = (
				FE385BD00AF614909F2B0355 /* SilenceCutTests.swift */,
			);
			path = SilenceCutTests;
			sourceTree = "<group>";
		};
		4E2BF2D5086838381E9DC5BB /* Products */ = {
			isa = PBXGroup;
			children = (
				134FE371429BBCD27437CB9A /* SilenceCut.app */,
				38CA7B494AAEC4EDEAF341A7 /* SilenceCutTests.xctest */,
			);
			name = Products;
			sourceTree = "<group>";
		};
		68A7343F2EDF773CC6C458E0 /* Timeline */ = {
			isa = PBXGroup;
			children = (
				FFBBDE365AF4CAB490AF47AD /* TimelineEngine.swift */,
			);
			path = Timeline;
			sourceTree = "<group>";
		};
		7E541BD093D8301830628781 /* Engine */ = {
			isa = PBXGroup;
			children = (
				CD022525173346C1B70F3AA4 /* Audio */,
				68A7343F2EDF773CC6C458E0 /* Timeline */,
				FD9D096A53C9B52F177585AE /* Video */,
			);
			path = Engine;
			sourceTree = "<group>";
		};
		829CBE6D4D9C17B0ED2714BA /* Models */ = {
			isa = PBXGroup;
			children = (
				8DCAD8E95BF927B6379B8673 /* EditProject.swift */,
				A0F4A8C2A843FFC9A93C98E6 /* SilenceDetectionSettings.swift */,
				B242A97E16D03E5F21BF7DC8 /* TimelineFragment.swift */,
				A25E027F870DA8BA229ECFA3 /* UndoManager+Extensions.swift */,
			);
			path = Models;
			sourceTree = "<group>";
		};
		AF9FF8737A994F9F43DD2562 /* Resources */ = {
			isa = PBXGroup;
			children = (
				7652C2506956B3D470DC9956 /* Info.plist */,
			);
			path = Resources;
			sourceTree = "<group>";
		};
		B2828B18D493B67C9545E984 /* Timeline */ = {
			isa = PBXGroup;
			children = (
				C4EEF111F31592B2DFEC4114 /* TimelineContainerView.swift */,
			);
			path = Timeline;
			sourceTree = "<group>";
		};
		CD022525173346C1B70F3AA4 /* Audio */ = {
			isa = PBXGroup;
			children = (
				F2FF17382741AC4D0E64B0A2 /* SilenceDetector.swift */,
				02A305240B07EFB2833A9313 /* WaveformGenerator.swift */,
			);
			path = Audio;
			sourceTree = "<group>";
		};
		DDDB8C73FA1DED19B2320A3E /* Panels */ = {
			isa = PBXGroup;
			children = (
				CE2BFAC2E8CF7A96375A7D5E /* ExportPanelView.swift */,
				37BF8456FF33FE4A81F0B87E /* FragmentListView.swift */,
				6D489E5B2200C302F988CBB7 /* SilenceDetectionPanelView.swift */,
			);
			path = Panels;
			sourceTree = "<group>";
		};
		E2FF24942ABC6E02FC406A6C /* Preview */ = {
			isa = PBXGroup;
			children = (
				6010D924F9A153FD771245EC /* VideoPreviewView.swift */,
			);
			path = Preview;
			sourceTree = "<group>";
		};
		F7EC063A06E00DD5BC57B802 /* App */ = {
			isa = PBXGroup;
			children = (
				1BA8DCB5B38828EC6A406B9D /* SilenceCutApp.swift */,
			);
			path = App;
			sourceTree = "<group>";
		};
		FD9D096A53C9B52F177585AE /* Video */ = {
			isa = PBXGroup;
			children = (
				92E1EB5ACC357A5A24E5DAA7 /* VideoExporter.swift */,
			);
			path = Video;
			sourceTree = "<group>";
		};
/* End PBXGroup section */

/* Begin PBXNativeTarget section */
		D0EE1F916DCFCF0BB46DF771 /* SilenceCutTests */ = {
			isa = PBXNativeTarget;
			buildConfigurationList = BFF0D5F74B6EC1F6A43C16BB /* Build configuration list for PBXNativeTarget "SilenceCutTests" */;
			buildPhases = (
				643BF5E8B24666C60A71F1EE /* Sources */,
			);
			buildRules = (
			);
			dependencies = (
				8474E677F1382872593E9308 /* PBXTargetDependency */,
			);
			name = SilenceCutTests;
			packageProductDependencies = (
			);
			productName = SilenceCutTests;
			productReference = 38CA7B494AAEC4EDEAF341A7 /* SilenceCutTests.xctest */;
			productType = "com.apple.product-type.bundle.unit-test";
		};
		DAD8BBD38BC9E2F2A5CC04DC /* SilenceCut */ = {
			isa = PBXNativeTarget;
			buildConfigurationList = 9D7B4E982D3A20FE6BE5696F /* Build configuration list for PBXNativeTarget "SilenceCut" */;
			buildPhases = (
				E69CDBCCC478F344E86DAA1F /* Sources */,
			);
			buildRules = (
			);
			dependencies = (
			);
			name = SilenceCut;
			packageProductDependencies = (
			);
			productName = SilenceCut;
			productReference = 134FE371429BBCD27437CB9A /* SilenceCut.app */;
			productType = "com.apple.product-type.application";
		};
/* End PBXNativeTarget section */

/* Begin PBXProject section */
		F54EBB103CBDAE8984DB4051 /* Project object */ = {
			isa = PBXProject;
			attributes = {
				BuildIndependentTargetsInParallel = YES;
				LastUpgradeCheck = 1600;
				TargetAttributes = {
					D0EE1F916DCFCF0BB46DF771 = {
						DevelopmentTeam = "";
					};
					DAD8BBD38BC9E2F2A5CC04DC = {
						DevelopmentTeam = "";
						ProvisioningStyle = Manual;
					};
				};
			};
			buildConfigurationList = 3A9AB0C86E1CC17F63BC22EE /* Build configuration list for PBXProject "SilenceCut" */;
			compatibilityVersion = "Xcode 14.0";
			developmentRegion = en;
			hasScannedForEncodings = 0;
			knownRegions = (
				Base,
				en,
			);
			mainGroup = 12C4C2088143F0B14CAF9140;
			minimizedProjectReferenceProxies = 1;
			preferredProjectObjectVersion = 77;
			projectDirPath = "";
			projectRoot = "";
			targets = (
				DAD8BBD38BC9E2F2A5CC04DC /* SilenceCut */,
				D0EE1F916DCFCF0BB46DF771 /* SilenceCutTests */,
			);
		};
/* End PBXProject section */

/* Begin PBXSourcesBuildPhase section */
		643BF5E8B24666C60A71F1EE /* Sources */ = {
			isa = PBXSourcesBuildPhase;
			buildActionMask = 2147483647;
			files = (
				093AFB67C46473E229376D21 /* SilenceCutTests.swift in Sources */,
			);
			runOnlyForDeploymentPostprocessing = 0;
		};
		E69CDBCCC478F344E86DAA1F /* Sources */ = {
			isa = PBXSourcesBuildPhase;
			buildActionMask = 2147483647;
			files = (
				723616F9E15C2DFFBD29BA1E /* EditProject.swift in Sources */,
				010597BAF1BBCA1D6FA93EE0 /* ExportPanelView.swift in Sources */,
				174B8A0C6C29CD5E3B1CD5B8 /* FragmentListView.swift in Sources */,
				74FC8DBD44B70F5EE29A95D0 /* MainEditorView.swift in Sources */,
				330FB34845429463F0311F48 /* SilenceCutApp.swift in Sources */,
				7D7E4FD5398342DB4F790F2E /* SilenceDetectionPanelView.swift in Sources */,
				FE483032536C72766CE6C301 /* SilenceDetectionSettings.swift in Sources */,
				BEAB1D5A14B16FDA2F65A2AC /* SilenceDetector.swift in Sources */,
				7D6CE60FAA13901D56B601C4 /* TimelineContainerView.swift in Sources */,
				5558AE5ADDAF2AFFA022EE44 /* TimelineEngine.swift in Sources */,
				55D839D1FA6CDD5E32F0D6C8 /* TimelineFragment.swift in Sources */,
				C7EC27F8F1A92F51DD210C88 /* UndoManager+Extensions.swift in Sources */,
				8F01756F825915C4E2323205 /* VideoExporter.swift in Sources */,
				0F1756F4D332D26762301F1A /* VideoPreviewView.swift in Sources */,
				EB833E1F92B1FEB092C32551 /* WaveformGenerator.swift in Sources */,
			);
			runOnlyForDeploymentPostprocessing = 0;
		};
/* End PBXSourcesBuildPhase section */

/* Begin PBXTargetDependency section */
		8474E677F1382872593E9308 /* PBXTargetDependency */ = {
			isa = PBXTargetDependency;
			target = DAD8BBD38BC9E2F2A5CC04DC /* SilenceCut */;
			targetProxy = 33FEE72736A0747AF35C4C18 /* PBXContainerItemProxy */;
		};
/* End PBXTargetDependency section */

/* Begin XCBuildConfiguration section */
		1BA27415DEDDCD68B5598A9A /* Release */ = {
			isa = XCBuildConfiguration;
			buildSettings = {
				ASSETCATALOG_COMPILER_APPICON_NAME = AppIcon;
				CODE_SIGNING_ALLOWED = YES;
				CODE_SIGNING_REQUIRED = NO;
				CODE_SIGN_ENTITLEMENTS = SilenceCut/SilenceCut.entitlements;
				CODE_SIGN_IDENTITY = "-";
				CODE_SIGN_STYLE = Manual;
				COMBINE_HIDPI_IMAGES = YES;
				ENABLE_HARDENED_RUNTIME = NO;
				GENERATE_INFOPLIST_FILE = NO;
				INFOPLIST_FILE = SilenceCut/Resources/Info.plist;
				LD_RUNPATH_SEARCH_PATHS = (
					"$(inherited)",
					"@executable_path/../Frameworks",
				);
				PRODUCT_BUNDLE_IDENTIFIER = ru.aldushin.SilenceCut;
				PRODUCT_NAME = SilenceCut;
				SDKROOT = macosx;
			};
			name = Release;
		};
		526F633E466FE08D8382C0E6 /* Debug */ = {
			isa = XCBuildConfiguration;
			buildSettings = {
				ALWAYS_SEARCH_USER_PATHS = NO;
				CLANG_ANALYZER_NONNULL = YES;
				CLANG_ANALYZER_NUMBER_OBJECT_CONVERSION = YES_AGGRESSIVE;
				CLANG_CXX_LANGUAGE_STANDARD = "gnu++14";
				CLANG_CXX_LIBRARY = "libc++";
				CLANG_ENABLE_MODULES = YES;
				CLANG_ENABLE_OBJC_ARC = YES;
				CLANG_ENABLE_OBJC_WEAK = YES;
				CLANG_WARN_BLOCK_CAPTURE_AUTORELEASING = YES;
				CLANG_WARN_BOOL_CONVERSION = YES;
				CLANG_WARN_COMMA = YES;
				CLANG_WARN_CONSTANT_CONVERSION = YES;
				CLANG_WARN_DEPRECATED_OBJC_IMPLEMENTATIONS = YES;
				CLANG_WARN_DIRECT_OBJC_ISA_USAGE = YES_ERROR;
				CLANG_WARN_DOCUMENTATION_COMMENTS = YES;
				CLANG_WARN_EMPTY_BODY = YES;
				CLANG_WARN_ENUM_CONVERSION = YES;
				CLANG_WARN_INFINITE_RECURSION = YES;
				CLANG_WARN_INT_CONVERSION = YES;
				CLANG_WARN_NON_LITERAL_NULL_CONVERSION = YES;
				CLANG_WARN_OBJC_IMPLICIT_RETAIN_SELF = YES;
				CLANG_WARN_OBJC_LITERAL_CONVERSION = YES;
				CLANG_WARN_OBJC_ROOT_CLASS = YES_ERROR;
				CLANG_WARN_QUOTED_INCLUDE_IN_FRAMEWORK_HEADER = YES;
				CLANG_WARN_RANGE_LOOP_ANALYSIS = YES;
				CLANG_WARN_STRICT_PROTOTYPES = YES;
				CLANG_WARN_SUSPICIOUS_MOVE = YES;
				CLANG_WARN_UNGUARDED_AVAILABILITY = YES_AGGRESSIVE;
				CLANG_WARN_UNREACHABLE_CODE = YES;
				CLANG_WARN__DUPLICATE_METHOD_MATCH = YES;
				COPY_PHASE_STRIP = NO;
				DEBUG_INFORMATION_FORMAT = dwarf;
				DEVELOPMENT_TEAM = "";
				ENABLE_STRICT_OBJC_MSGSEND = YES;
				ENABLE_TESTABILITY = YES;
				GCC_C_LANGUAGE_STANDARD = gnu11;
				GCC_DYNAMIC_NO_PIC = NO;
				GCC_NO_COMMON_BLOCKS = YES;
				GCC_OPTIMIZATION_LEVEL = 0;
				GCC_PREPROCESSOR_DEFINITIONS = (
					"$(inherited)",
					"DEBUG=1",
				);
				GCC_WARN_64_TO_32_BIT_CONVERSION = YES;
				GCC_WARN_ABOUT_RETURN_TYPE = YES_ERROR;
				GCC_WARN_UNDECLARED_SELECTOR = YES;
				GCC_WARN_UNINITIALIZED_AUTOS = YES_AGGRESSIVE;
				GCC_WARN_UNUSED_FUNCTION = YES;
				GCC_WARN_UNUSED_VARIABLE = YES;
				MACOSX_DEPLOYMENT_TARGET = 14.0;
				MTL_ENABLE_DEBUG_INFO = INCLUDE_SOURCE;
				MTL_FAST_MATH = YES;
				ONLY_ACTIVE_ARCH = YES;
				PRODUCT_NAME = "$(TARGET_NAME)";
				SDKROOT = macosx;
				SWIFT_ACTIVE_COMPILATION_CONDITIONS = DEBUG;
				SWIFT_OPTIMIZATION_LEVEL = "-Onone";
				SWIFT_VERSION = 5.10;
			};
			name = Debug;
		};
		6A6C5DBC3C5110FBE152C1CC /* Debug */ = {
			isa = XCBuildConfiguration;
			buildSettings = {
				BUNDLE_LOADER = "$(TEST_HOST)";
				COMBINE_HIDPI_IMAGES = YES;
				LD_RUNPATH_SEARCH_PATHS = (
					"$(inherited)",
					"@executable_path/../Frameworks",
					"@loader_path/../Frameworks",
				);
				PRODUCT_BUNDLE_IDENTIFIER = ru.aldushin.SilenceCutTests;
				SDKROOT = macosx;
				TEST_HOST = "$(BUILT_PRODUCTS_DIR)/SilenceCut.app/Contents/MacOS/SilenceCut";
			};
			name = Debug;
		};
		B226298CCC6DB3CB8BF327E8 /* Debug */ = {
			isa = XCBuildConfiguration;
			buildSettings = {
				ASSETCATALOG_COMPILER_APPICON_NAME = AppIcon;
				CODE_SIGNING_ALLOWED = YES;
				CODE_SIGNING_REQUIRED = NO;
				CODE_SIGN_ENTITLEMENTS = SilenceCut/SilenceCut.entitlements;
				CODE_SIGN_IDENTITY = "-";
				CODE_SIGN_STYLE = Manual;
				COMBINE_HIDPI_IMAGES = YES;
				ENABLE_HARDENED_RUNTIME = NO;
				GENERATE_INFOPLIST_FILE = NO;
				INFOPLIST_FILE = SilenceCut/Resources/Info.plist;
				LD_RUNPATH_SEARCH_PATHS = (
					"$(inherited)",
					"@executable_path/../Frameworks",
				);
				PRODUCT_BUNDLE_IDENTIFIER = ru.aldushin.SilenceCut;
				PRODUCT_NAME = SilenceCut;
				SDKROOT = macosx;
			};
			name = Debug;
		};
		C45635491C09463254D85282 /* Release */ = {
			isa = XCBuildConfiguration;
			buildSettings = {
				ALWAYS_SEARCH_USER_PATHS = NO;
				CLANG_ANALYZER_NONNULL = YES;
				CLANG_ANALYZER_NUMBER_OBJECT_CONVERSION = YES_AGGRESSIVE;
				CLANG_CXX_LANGUAGE_STANDARD = "gnu++14";
				CLANG_CXX_LIBRARY = "libc++";
				CLANG_ENABLE_MODULES = YES;
				CLANG_ENABLE_OBJC_ARC = YES;
				CLANG_ENABLE_OBJC_WEAK = YES;
				CLANG_WARN_BLOCK_CAPTURE_AUTORELEASING = YES;
				CLANG_WARN_BOOL_CONVERSION = YES;
				CLANG_WARN_COMMA = YES;
				CLANG_WARN_CONSTANT_CONVERSION = YES;
				CLANG_WARN_DEPRECATED_OBJC_IMPLEMENTATIONS = YES;
				CLANG_WARN_DIRECT_OBJC_ISA_USAGE = YES_ERROR;
				CLANG_WARN_DOCUMENTATION_COMMENTS = YES;
				CLANG_WARN_EMPTY_BODY = YES;
				CLANG_WARN_ENUM_CONVERSION = YES;
				CLANG_WARN_INFINITE_RECURSION = YES;
				CLANG_WARN_INT_CONVERSION = YES;
				CLANG_WARN_NON_LITERAL_NULL_CONVERSION = YES;
				CLANG_WARN_OBJC_IMPLICIT_RETAIN_SELF = YES;
				CLANG_WARN_OBJC_LITERAL_CONVERSION = YES;
				CLANG_WARN_OBJC_ROOT_CLASS = YES_ERROR;
				CLANG_WARN_QUOTED_INCLUDE_IN_FRAMEWORK_HEADER = YES;
				CLANG_WARN_RANGE_LOOP_ANALYSIS = YES;
				CLANG_WARN_STRICT_PROTOTYPES = YES;
				CLANG_WARN_SUSPICIOUS_MOVE = YES;
				CLANG_WARN_UNGUARDED_AVAILABILITY = YES_AGGRESSIVE;
				CLANG_WARN_UNREACHABLE_CODE = YES;
				CLANG_WARN__DUPLICATE_METHOD_MATCH = YES;
				COPY_PHASE_STRIP = NO;
				DEBUG_INFORMATION_FORMAT = "dwarf-with-dsym";
				DEVELOPMENT_TEAM = "";
				ENABLE_NS_ASSERTIONS = NO;
				ENABLE_STRICT_OBJC_MSGSEND = YES;
				GCC_C_LANGUAGE_STANDARD = gnu11;
				GCC_NO_COMMON_BLOCKS = YES;
				GCC_WARN_64_TO_32_BIT_CONVERSION = YES;
				GCC_WARN_ABOUT_RETURN_TYPE = YES_ERROR;
				GCC_WARN_UNDECLARED_SELECTOR = YES;
				GCC_WARN_UNINITIALIZED_AUTOS = YES_AGGRESSIVE;
				GCC_WARN_UNUSED_FUNCTION = YES;
				GCC_WARN_UNUSED_VARIABLE = YES;
				MACOSX_DEPLOYMENT_TARGET = 14.0;
				MTL_ENABLE_DEBUG_INFO = NO;
				MTL_FAST_MATH = YES;
				PRODUCT_NAME = "$(TARGET_NAME)";
				SDKROOT = macosx;
				SWIFT_COMPILATION_MODE = wholemodule;
				SWIFT_OPTIMIZATION_LEVEL = "-O";
				SWIFT_VERSION = 5.10;
			};
			name = Release;
		};
		D7DA5C273E74D61BEAD15E6A /* Release */ = {
			isa = XCBuildConfiguration;
			buildSettings = {
				BUNDLE_LOADER = "$(TEST_HOST)";
				COMBINE_HIDPI_IMAGES = YES;
				LD_RUNPATH_SEARCH_PATHS = (
					"$(inherited)",
					"@executable_path/../Frameworks",
					"@loader_path/../Frameworks",
				);
				PRODUCT_BUNDLE_IDENTIFIER = ru.aldushin.SilenceCutTests;
				SDKROOT = macosx;
				TEST_HOST = "$(BUILT_PRODUCTS_DIR)/SilenceCut.app/Contents/MacOS/SilenceCut";
			};
			name = Release;
		};
/* End XCBuildConfiguration section */

/* Begin XCConfigurationList section */
		3A9AB0C86E1CC17F63BC22EE /* Build configuration list for PBXProject "SilenceCut" */ = {
			isa = XCConfigurationList;
			buildConfigurations = (
				526F633E466FE08D8382C0E6 /* Debug */,
				C45635491C09463254D85282 /* Release */,
			);
			defaultConfigurationIsVisible = 0;
			defaultConfigurationName = Debug;
		};
		9D7B4E982D3A20FE6BE5696F /* Build configuration list for PBXNativeTarget "SilenceCut" */ = {
			isa = XCConfigurationList;
			buildConfigurations = (
				B226298CCC6DB3CB8BF327E8 /* Debug */,
				1BA27415DEDDCD68B5598A9A /* Release */,
			);
			defaultConfigurationIsVisible = 0;
			defaultConfigurationName = Debug;
		};
		BFF0D5F74B6EC1F6A43C16BB /* Build configuration list for PBXNativeTarget "SilenceCutTests" */ = {
			isa = XCConfigurationList;
			buildConfigurations = (
				6A6C5DBC3C5110FBE152C1CC /* Debug */,
				D7DA5C273E74D61BEAD15E6A /* Release */,
			);
			defaultConfigurationIsVisible = 0;
			defaultConfigurationName = Debug;
		};
/* End XCConfigurationList section */
	};
	rootObject = F54EBB103CBDAE8984DB4051 /* Project object */;
}
